// !$*UTF8*$!
{
	archiveVersion = 1;
	classes = {
	};
	objectVersion = 48;
	objects = {

/* Begin PBXBuildFile section */
		F4832C0E2060355E003FA12D /* AppDelegate.swift in Sources */ = {isa = PBXBuildFile; fileRef = F4832C0D2060355E003FA12D /* AppDelegate.swift */; };
		F4832C102060355E003FA12D /* MainFeedViewController.swift in Sources */ = {isa = PBXBuildFile; fileRef = F4832C0F2060355E003FA12D /* MainFeedViewController.swift */; };
		F4832C122060355E003FA12D /* SavedAdsViewController.swift in Sources */ = {isa = PBXBuildFile; fileRef = F4832C112060355E003FA12D /* SavedAdsViewController.swift */; };
		F4832C152060355E003FA12D /* Main.storyboard in Resources */ = {isa = PBXBuildFile; fileRef = F4832C132060355E003FA12D /* Main.storyboard */; };
		F4832C172060355E003FA12D /* Assets.xcassets in Resources */ = {isa = PBXBuildFile; fileRef = F4832C162060355E003FA12D /* Assets.xcassets */; };
		F4832C1A2060355E003FA12D /* LaunchScreen.storyboard in Resources */ = {isa = PBXBuildFile; fileRef = F4832C182060355E003FA12D /* LaunchScreen.storyboard */; };
		F4832C252060355E003FA12D /* FinnMobileTechChallengeTests.swift in Sources */ = {isa = PBXBuildFile; fileRef = F4832C242060355E003FA12D /* FinnMobileTechChallengeTests.swift */; };
		F4832C302060355E003FA12D /* FinnMobileTechChallengeUITests.swift in Sources */ = {isa = PBXBuildFile; fileRef = F4832C2F2060355E003FA12D /* FinnMobileTechChallengeUITests.swift */; };
		F4832C422060370B003FA12D /* Image.swift in Sources */ = {isa = PBXBuildFile; fileRef = F4832C412060370B003FA12D /* Image.swift */; };
		F4832C4420603726003FA12D /* Ad.swift in Sources */ = {isa = PBXBuildFile; fileRef = F4832C4320603726003FA12D /* Ad.swift */; };
		F4832C46206037A0003FA12D /* AdCollectionViewCell.swift in Sources */ = {isa = PBXBuildFile; fileRef = F4832C45206037A0003FA12D /* AdCollectionViewCell.swift */; };
		F4832C4C20603899003FA12D /* FinnAPI.swift in Sources */ = {isa = PBXBuildFile; fileRef = F4832C4B20603899003FA12D /* FinnAPI.swift */; };
		F4832C4E206038A6003FA12D /* NetworkingRouter.swift in Sources */ = {isa = PBXBuildFile; fileRef = F4832C4D206038A6003FA12D /* NetworkingRouter.swift */; };
		F4832C50206038B9003FA12D /* NetworkingProvider.swift in Sources */ = {isa = PBXBuildFile; fileRef = F4832C4F206038B9003FA12D /* NetworkingProvider.swift */; };
		F4832C52206038D2003FA12D /* RouterProtocol.swift in Sources */ = {isa = PBXBuildFile; fileRef = F4832C51206038D2003FA12D /* RouterProtocol.swift */; };
/* End PBXBuildFile section */

/* Begin PBXContainerItemProxy section */
		F4832C212060355E003FA12D /* PBXContainerItemProxy */ = {
			isa = PBXContainerItemProxy;
			containerPortal = F4832C022060355E003FA12D /* Project object */;
			proxyType = 1;
			remoteGlobalIDString = F4832C092060355E003FA12D;
			remoteInfo = FinnMobileTechChallenge;
		};
		F4832C2C2060355E003FA12D /* PBXContainerItemProxy */ = {
			isa = PBXContainerItemProxy;
			containerPortal = F4832C022060355E003FA12D /* Project object */;
			proxyType = 1;
			remoteGlobalIDString = F4832C092060355E003FA12D;
			remoteInfo = FinnMobileTechChallenge;
		};
/* End PBXContainerItemProxy section */

/* Begin PBXFileReference section */
		F4832C0A2060355E003FA12D /* FinnMobileTechChallenge.app */ = {isa = PBXFileReference; explicitFileType = wrapper.application; includeInIndex = 0; path = FinnMobileTechChallenge.app; sourceTree = BUILT_PRODUCTS_DIR; };
		F4832C0D2060355E003FA12D /* AppDelegate.swift */ = {isa = PBXFileReference; lastKnownFileType = sourcecode.swift; path = AppDelegate.swift; sourceTree = "<group>"; };
		F4832C0F2060355E003FA12D /* MainFeedViewController.swift */ = {isa = PBXFileReference; lastKnownFileType = sourcecode.swift; path = MainFeedViewController.swift; sourceTree = "<group>"; };
		F4832C112060355E003FA12D /* SavedAdsViewController.swift */ = {isa = PBXFileReference; lastKnownFileType = sourcecode.swift; path = SavedAdsViewController.swift; sourceTree = "<group>"; };
		F4832C142060355E003FA12D /* Base */ = {isa = PBXFileReference; lastKnownFileType = file.storyboard; name = Base; path = Base.lproj/Main.storyboard; sourceTree = "<group>"; };
		F4832C162060355E003FA12D /* Assets.xcassets */ = {isa = PBXFileReference; lastKnownFileType = folder.assetcatalog; path = Assets.xcassets; sourceTree = "<group>"; };
		F4832C192060355E003FA12D /* Base */ = {isa = PBXFileReference; lastKnownFileType = file.storyboard; name = Base; path = Base.lproj/LaunchScreen.storyboard; sourceTree = "<group>"; };
		F4832C1B2060355E003FA12D /* Info.plist */ = {isa = PBXFileReference; lastKnownFileType = text.plist.xml; path = Info.plist; sourceTree = "<group>"; };
		F4832C202060355E003FA12D /* FinnMobileTechChallengeTests.xctest */ = {isa = PBXFileReference; explicitFileType = wrapper.cfbundle; includeInIndex = 0; path = FinnMobileTechChallengeTests.xctest; sourceTree = BUILT_PRODUCTS_DIR; };
		F4832C242060355E003FA12D /* FinnMobileTechChallengeTests.swift */ = {isa = PBXFileReference; lastKnownFileType = sourcecode.swift; path = FinnMobileTechChallengeTests.swift; sourceTree = "<group>"; };
		F4832C262060355E003FA12D /* Info.plist */ = {isa = PBXFileReference; lastKnownFileType = text.plist.xml; path = Info.plist; sourceTree = "<group>"; };
		F4832C2B2060355E003FA12D /* FinnMobileTechChallengeUITests.xctest */ = {isa = PBXFileReference; explicitFileType = wrapper.cfbundle; includeInIndex = 0; path = FinnMobileTechChallengeUITests.xctest; sourceTree = BUILT_PRODUCTS_DIR; };
		F4832C2F2060355E003FA12D /* FinnMobileTechChallengeUITests.swift */ = {isa = PBXFileReference; lastKnownFileType = sourcecode.swift; path = FinnMobileTechChallengeUITests.swift; sourceTree = "<group>"; };
		F4832C312060355E003FA12D /* Info.plist */ = {isa = PBXFileReference; lastKnownFileType = text.plist.xml; path = Info.plist; sourceTree = "<group>"; };
		F4832C412060370B003FA12D /* Image.swift */ = {isa = PBXFileReference; lastKnownFileType = sourcecode.swift; path = Image.swift; sourceTree = "<group>"; };
		F4832C4320603726003FA12D /* Ad.swift */ = {isa = PBXFileReference; lastKnownFileType = sourcecode.swift; path = Ad.swift; sourceTree = "<group>"; };
		F4832C45206037A0003FA12D /* AdCollectionViewCell.swift */ = {isa = PBXFileReference; lastKnownFileType = sourcecode.swift; path = AdCollectionViewCell.swift; sourceTree = "<group>"; };
		F4832C4B20603899003FA12D /* FinnAPI.swift */ = {isa = PBXFileReference; lastKnownFileType = sourcecode.swift; path = FinnAPI.swift; sourceTree = "<group>"; };
		F4832C4D206038A6003FA12D /* NetworkingRouter.swift */ = {isa = PBXFileReference; lastKnownFileType = sourcecode.swift; path = NetworkingRouter.swift; sourceTree = "<group>"; };
		F4832C4F206038B9003FA12D /* NetworkingProvider.swift */ = {isa = PBXFileReference; lastKnownFileType = sourcecode.swift; path = NetworkingProvider.swift; sourceTree = "<group>"; };
		F4832C51206038D2003FA12D /* RouterProtocol.swift */ = {isa = PBXFileReference; lastKnownFileType = sourcecode.swift; path = RouterProtocol.swift; sourceTree = "<group>"; };
/* End PBXFileReference section */

/* Begin PBXFrameworksBuildPhase section */
		F4832C072060355E003FA12D /* Frameworks */ = {
			isa = PBXFrameworksBuildPhase;
			buildActionMask = 2147483647;
			files = (
			);
			runOnlyForDeploymentPostprocessing = 0;
		};
		F4832C1D2060355E003FA12D /* Frameworks */ = {
			isa = PBXFrameworksBuildPhase;
			buildActionMask = 2147483647;
			files = (
			);
			runOnlyForDeploymentPostprocessing = 0;
		};
		F4832C282060355E003FA12D /* Frameworks */ = {
			isa = PBXFrameworksBuildPhase;
			buildActionMask = 2147483647;
			files = (
			);
			runOnlyForDeploymentPostprocessing = 0;
		};
/* End PBXFrameworksBuildPhase section */

/* Begin PBXGroup section */
		F4832C012060355E003FA12D = {
			isa = PBXGroup;
			children = (
				F4832C0C2060355E003FA12D /* FinnMobileTechChallenge */,
				F4832C232060355E003FA12D /* FinnMobileTechChallengeTests */,
				F4832C2E2060355E003FA12D /* FinnMobileTechChallengeUITests */,
				F4832C0B2060355E003FA12D /* Products */,
			);
			sourceTree = "<group>";
		};
		F4832C0B2060355E003FA12D /* Products */ = {
			isa = PBXGroup;
			children = (
				F4832C0A2060355E003FA12D /* FinnMobileTechChallenge.app */,
				F4832C202060355E003FA12D /* FinnMobileTechChallengeTests.xctest */,
				F4832C2B2060355E003FA12D /* FinnMobileTechChallengeUITests.xctest */,
			);
			name = Products;
			sourceTree = "<group>";
		};
		F4832C0C2060355E003FA12D /* FinnMobileTechChallenge */ = {
			isa = PBXGroup;
			children = (
				F4832C40206036E6003FA12D /* Models */,
				F4832C3E206036B5003FA12D /* Views */,
				F4832C3D206036A8003FA12D /* Controllers */,
				F4832C3F206036CF003FA12D /* Networking */,
				F4832C132060355E003FA12D /* Main.storyboard */,
				F4832C162060355E003FA12D /* Assets.xcassets */,
				F4832C182060355E003FA12D /* LaunchScreen.storyboard */,
				F4832C1B2060355E003FA12D /* Info.plist */,
			);
			path = FinnMobileTechChallenge;
			sourceTree = "<group>";
		};
		F4832C232060355E003FA12D /* FinnMobileTechChallengeTests */ = {
			isa = PBXGroup;
			children = (
				F4832C242060355E003FA12D /* FinnMobileTechChallengeTests.swift */,
				F4832C262060355E003FA12D /* Info.plist */,
			);
			path = FinnMobileTechChallengeTests;
			sourceTree = "<group>";
		};
		F4832C2E2060355E003FA12D /* FinnMobileTechChallengeUITests */ = {
			isa = PBXGroup;
			children = (
				F4832C2F2060355E003FA12D /* FinnMobileTechChallengeUITests.swift */,
				F4832C312060355E003FA12D /* Info.plist */,
			);
			path = FinnMobileTechChallengeUITests;
			sourceTree = "<group>";
		};
		F4832C3D206036A8003FA12D /* Controllers */ = {
			isa = PBXGroup;
			children = (
				F4832C112060355E003FA12D /* SavedAdsViewController.swift */,
				F4832C0D2060355E003FA12D /* AppDelegate.swift */,
				F4832C0F2060355E003FA12D /* MainFeedViewController.swift */,
			);
			path = Controllers;
			sourceTree = "<group>";
		};
		F4832C3E206036B5003FA12D /* Views */ = {
			isa = PBXGroup;
			children = (
				F4832C45206037A0003FA12D /* AdCollectionViewCell.swift */,
			);
			path = Views;
			sourceTree = "<group>";
		};
		F4832C3F206036CF003FA12D /* Networking */ = {
			isa = PBXGroup;
			children = (
				F4832C4B20603899003FA12D /* FinnAPI.swift */,
				F4832C4D206038A6003FA12D /* NetworkingRouter.swift */,
				F4832C4F206038B9003FA12D /* NetworkingProvider.swift */,
				F4832C51206038D2003FA12D /* RouterProtocol.swift */,
			);
			path = Networking;
			sourceTree = "<group>";
		};
		F4832C40206036E6003FA12D /* Models */ = {
			isa = PBXGroup;
			children = (
				F4832C412060370B003FA12D /* Image.swift */,
				F4832C4320603726003FA12D /* Ad.swift */,
			);
			path = Models;
			sourceTree = "<group>";
		};
/* End PBXGroup section */

/* Begin PBXNativeTarget section */
		F4832C092060355E003FA12D /* FinnMobileTechChallenge */ = {
			isa = PBXNativeTarget;
			buildConfigurationList = F4832C342060355E003FA12D /* Build configuration list for PBXNativeTarget "FinnMobileTechChallenge" */;
			buildPhases = (
				F4832C062060355E003FA12D /* Sources */,
				F4832C072060355E003FA12D /* Frameworks */,
				F4832C082060355E003FA12D /* Resources */,
			);
			buildRules = (
			);
			dependencies = (
			);
			name = FinnMobileTechChallenge;
			productName = FinnMobileTechChallenge;
			productReference = F4832C0A2060355E003FA12D /* FinnMobileTechChallenge.app */;
			productType = "com.apple.product-type.application";
		};
		F4832C1F2060355E003FA12D /* FinnMobileTechChallengeTests */ = {
			isa = PBXNativeTarget;
			buildConfigurationList = F4832C372060355E003FA12D /* Build configuration list for PBXNativeTarget "FinnMobileTechChallengeTests" */;
			buildPhases = (
				F4832C1C2060355E003FA12D /* Sources */,
				F4832C1D2060355E003FA12D /* Frameworks */,
				F4832C1E2060355E003FA12D /* Resources */,
			);
			buildRules = (
			);
			dependencies = (
				F4832C222060355E003FA12D /* PBXTargetDependency */,
			);
			name = FinnMobileTechChallengeTests;
			productName = FinnMobileTechChallengeTests;
			productReference = F4832C202060355E003FA12D /* FinnMobileTechChallengeTests.xctest */;
			productType = "com.apple.product-type.bundle.unit-test";
		};
		F4832C2A2060355E003FA12D /* FinnMobileTechChallengeUITests */ = {
			isa = PBXNativeTarget;
			buildConfigurationList = F4832C3A2060355E003FA12D /* Build configuration list for PBXNativeTarget "FinnMobileTechChallengeUITests" */;
			buildPhases = (
				F4832C272060355E003FA12D /* Sources */,
				F4832C282060355E003FA12D /* Frameworks */,
				F4832C292060355E003FA12D /* Resources */,
			);
			buildRules = (
			);
			dependencies = (
				F4832C2D2060355E003FA12D /* PBXTargetDependency */,
			);
			name = FinnMobileTechChallengeUITests;
			productName = FinnMobileTechChallengeUITests;
			productReference = F4832C2B2060355E003FA12D /* FinnMobileTechChallengeUITests.xctest */;
			productType = "com.apple.product-type.bundle.ui-testing";
		};
/* End PBXNativeTarget section */

/* Begin PBXProject section */
		F4832C022060355E003FA12D /* Project object */ = {
			isa = PBXProject;
			attributes = {
				LastSwiftUpdateCheck = 0920;
				LastUpgradeCheck = 0920;
				ORGANIZATIONNAME = "Kadeem Palacios";
				TargetAttributes = {
					F4832C092060355E003FA12D = {
						CreatedOnToolsVersion = 9.2;
						ProvisioningStyle = Automatic;
					};
					F4832C1F2060355E003FA12D = {
						CreatedOnToolsVersion = 9.2;
						ProvisioningStyle = Automatic;
						TestTargetID = F4832C092060355E003FA12D;
					};
					F4832C2A2060355E003FA12D = {
						CreatedOnToolsVersion = 9.2;
						ProvisioningStyle = Automatic;
						TestTargetID = F4832C092060355E003FA12D;
					};
				};
			};
			buildConfigurationList = F4832C052060355E003FA12D /* Build configuration list for PBXProject "FinnMobileTechChallenge" */;
			compatibilityVersion = "Xcode 8.0";
			developmentRegion = en;
			hasScannedForEncodings = 0;
			knownRegions = (
				en,
				Base,
			);
			mainGroup = F4832C012060355E003FA12D;
			productRefGroup = F4832C0B2060355E003FA12D /* Products */;
			projectDirPath = "";
			projectRoot = "";
			targets = (
				F4832C092060355E003FA12D /* FinnMobileTechChallenge */,
				F4832C1F2060355E003FA12D /* FinnMobileTechChallengeTests */,
				F4832C2A2060355E003FA12D /* FinnMobileTechChallengeUITests */,
			);
		};
/* End PBXProject section */

/* Begin PBXResourcesBuildPhase section */
		F4832C082060355E003FA12D /* Resources */ = {
			isa = PBXResourcesBuildPhase;
			buildActionMask = 2147483647;
			files = (
				F4832C1A2060355E003FA12D /* LaunchScreen.storyboard in Resources */,
				F4832C172060355E003FA12D /* Assets.xcassets in Resources */,
				F4832C152060355E003FA12D /* Main.storyboard in Resources */,
			);
			runOnlyForDeploymentPostprocessing = 0;
		};
		F4832C1E2060355E003FA12D /* Resources */ = {
			isa = PBXResourcesBuildPhase;
			buildActionMask = 2147483647;
			files = (
			);
			runOnlyForDeploymentPostprocessing = 0;
		};
		F4832C292060355E003FA12D /* Resources */ = {
			isa = PBXResourcesBuildPhase;
			buildActionMask = 2147483647;
			files = (
			);
			runOnlyForDeploymentPostprocessing = 0;
		};
/* End PBXResourcesBuildPhase section */

/* Begin PBXSourcesBuildPhase section */
		F4832C062060355E003FA12D /* Sources */ = {
			isa = PBXSourcesBuildPhase;
			buildActionMask = 2147483647;
			files = (
				F4832C122060355E003FA12D /* SavedAdsViewController.swift in Sources */,
				F4832C4C20603899003FA12D /* FinnAPI.swift in Sources */,
				F4832C52206038D2003FA12D /* RouterProtocol.swift in Sources */,
				F4832C4E206038A6003FA12D /* NetworkingRouter.swift in Sources */,
				F4832C422060370B003FA12D /* Image.swift in Sources */,
				F4832C0E2060355E003FA12D /* AppDelegate.swift in Sources */,
				F4832C46206037A0003FA12D /* AdCollectionViewCell.swift in Sources */,
				F4832C4420603726003FA12D /* Ad.swift in Sources */,
				F4832C102060355E003FA12D /* MainFeedViewController.swift in Sources */,
				F4832C50206038B9003FA12D /* NetworkingProvider.swift in Sources */,
			);
			runOnlyForDeploymentPostprocessing = 0;
		};
		F4832C1C2060355E003FA12D /* Sources */ = {
			isa = PBXSourcesBuildPhase;
			buildActionMask = 2147483647;
			files = (
				F4832C252060355E003FA12D /* FinnMobileTechChallengeTests.swift in Sources */,
			);
			runOnlyForDeploymentPostprocessing = 0;
		};
		F4832C272060355E003FA12D /* Sources */ = {
			isa = PBXSourcesBuildPhase;
			buildActionMask = 2147483647;
			files = (
				F4832C302060355E003FA12D /* FinnMobileTechChallengeUITests.swift in Sources */,
			);
			runOnlyForDeploymentPostprocessing = 0;
		};
/* End PBXSourcesBuildPhase section */

/* Begin PBXTargetDependency section */
		F4832C222060355E003FA12D /* PBXTargetDependency */ = {
			isa = PBXTargetDependency;
			target = F4832C092060355E003FA12D /* FinnMobileTechChallenge */;
			targetProxy = F4832C212060355E003FA12D /* PBXContainerItemProxy */;
		};
		F4832C2D2060355E003FA12D /* PBXTargetDependency */ = {
			isa = PBXTargetDependency;
			target = F4832C092060355E003FA12D /* FinnMobileTechChallenge */;
			targetProxy = F4832C2C2060355E003FA12D /* PBXContainerItemProxy */;
		};
/* End PBXTargetDependency section */

/* Begin PBXVariantGroup section */
		F4832C132060355E003FA12D /* Main.storyboard */ = {
			isa = PBXVariantGroup;
			children = (
				F4832C142060355E003FA12D /* Base */,
			);
			name = Main.storyboard;
			sourceTree = "<group>";
		};
		F4832C182060355E003FA12D /* LaunchScreen.storyboard */ = {
			isa = PBXVariantGroup;
			children = (
				F4832C192060355E003FA12D /* Base */,
			);
			name = LaunchScreen.storyboard;
			sourceTree = "<group>";
		};
/* End PBXVariantGroup section */

/* Begin XCBuildConfiguration section */
		F4832C322060355E003FA12D /* Debug */ = {
			isa = XCBuildConfiguration;
			buildSettings = {
				ALWAYS_SEARCH_USER_PATHS = NO;
				CLANG_ANALYZER_NONNULL = YES;
				CLANG_ANALYZER_NUMBER_OBJECT_CONVERSION = YES_AGGRESSIVE;
				CLANG_CXX_LANGUAGE_STANDARD = "gnu++14";
				CLANG_CXX_LIBRARY = "libc++";
				CLANG_ENABLE_MODULES = YES;
				CLANG_ENABLE_OBJC_ARC = YES;
				CLANG_WARN_BLOCK_CAPTURE_AUTORELEASING = YES;
				CLANG_WARN_BOOL_CONVERSION = YES;
				CLANG_WARN_COMMA = YES;
				CLANG_WARN_CONSTANT_CONVERSION = YES;
				CLANG_WARN_DIRECT_OBJC_ISA_USAGE = YES_ERROR;
				CLANG_WARN_DOCUMENTATION_COMMENTS = YES;
				CLANG_WARN_EMPTY_BODY = YES;
				CLANG_WARN_ENUM_CONVERSION = YES;
				CLANG_WARN_INFINITE_RECURSION = YES;
				CLANG_WARN_INT_CONVERSION = YES;
				CLANG_WARN_NON_LITERAL_NULL_CONVERSION = YES;
				CLANG_WARN_OBJC_LITERAL_CONVERSION = YES;
				CLANG_WARN_OBJC_ROOT_CLASS = YES_ERROR;
				CLANG_WARN_RANGE_LOOP_ANALYSIS = YES;
				CLANG_WARN_STRICT_PROTOTYPES = YES;
				CLANG_WARN_SUSPICIOUS_MOVE = YES;
				CLANG_WARN_UNGUARDED_AVAILABILITY = YES_AGGRESSIVE;
				CLANG_WARN_UNREACHABLE_CODE = YES;
				CLANG_WARN__DUPLICATE_METHOD_MATCH = YES;
				CODE_SIGN_IDENTITY = "iPhone Developer";
				COPY_PHASE_STRIP = NO;
				DEBUG_INFORMATION_FORMAT = dwarf;
				ENABLE_STRICT_OBJC_MSGSEND = YES;
				ENABLE_TESTABILITY = YES;
				GCC_C_LANGUAGE_STANDARD = gnu11;
				GCC_DYNAMIC_NO_PIC = NO;
				GCC_NO_COMMON_BLOCKS = YES;
				GCC_OPTIMIZATION_LEVEL = 0;
				GCC_PREPROCESSOR_DEFINITIONS = (
					"DEBUG=1",
					"$(inherited)",
				);
				GCC_WARN_64_TO_32_BIT_CONVERSION = YES;
				GCC_WARN_ABOUT_RETURN_TYPE = YES_ERROR;
				GCC_WARN_UNDECLARED_SELECTOR = YES;
				GCC_WARN_UNINITIALIZED_AUTOS = YES_AGGRESSIVE;
				GCC_WARN_UNUSED_FUNCTION = YES;
				GCC_WARN_UNUSED_VARIABLE = YES;
				IPHONEOS_DEPLOYMENT_TARGET = 11.2;
				MTL_ENABLE_DEBUG_INFO = YES;
				ONLY_ACTIVE_ARCH = YES;
				SDKROOT = iphoneos;
				SWIFT_ACTIVE_COMPILATION_CONDITIONS = DEBUG;
				SWIFT_OPTIMIZATION_LEVEL = "-Onone";
			};
			name = Debug;
		};
		F4832C332060355E003FA12D /* Release */ = {
			isa = XCBuildConfiguration;
			buildSettings = {
				ALWAYS_SEARCH_USER_PATHS = NO;
				CLANG_ANALYZER_NONNULL = YES;
				CLANG_ANALYZER_NUMBER_OBJECT_CONVERSION = YES_AGGRESSIVE;
				CLANG_CXX_LANGUAGE_STANDARD = "gnu++14";
				CLANG_CXX_LIBRARY = "libc++";
				CLANG_ENABLE_MODULES = YES;
				CLANG_ENABLE_OBJC_ARC = YES;
				CLANG_WARN_BLOCK_CAPTURE_AUTORELEASING = YES;
				CLANG_WARN_BOOL_CONVERSION = YES;
				CLANG_WARN_COMMA = YES;
				CLANG_WARN_CONSTANT_CONVERSION = YES;
				CLANG_WARN_DIRECT_OBJC_ISA_USAGE = YES_ERROR;
				CLANG_WARN_DOCUMENTATION_COMMENTS = YES;
				CLANG_WARN_EMPTY_BODY = YES;
				CLANG_WARN_ENUM_CONVERSION = YES;
				CLANG_WARN_INFINITE_RECURSION = YES;
				CLANG_WARN_INT_CONVERSION = YES;
				CLANG_WARN_NON_LITERAL_NULL_CONVERSION = YES;
				CLANG_WARN_OBJC_LITERAL_CONVERSION = YES;
				CLANG_WARN_OBJC_ROOT_CLASS = YES_ERROR;
				CLANG_WARN_RANGE_LOOP_ANALYSIS = YES;
				CLANG_WARN_STRICT_PROTOTYPES = YES;
				CLANG_WARN_SUSPICIOUS_MOVE = YES;
				CLANG_WARN_UNGUARDED_AVAILABILITY = YES_AGGRESSIVE;
				CLANG_WARN_UNREACHABLE_CODE = YES;
				CLANG_WARN__DUPLICATE_METHOD_MATCH = YES;
				CODE_SIGN_IDENTITY = "iPhone Developer";
				COPY_PHASE_STRIP = NO;
				DEBUG_INFORMATION_FORMAT = "dwarf-with-dsym";
				ENABLE_NS_ASSERTIONS = NO;
				ENABLE_STRICT_OBJC_MSGSEND = YES;
				GCC_C_LANGUAGE_STANDARD = gnu11;
				GCC_NO_COMMON_BLOCKS = YES;
				GCC_WARN_64_TO_32_BIT_CONVERSION = YES;
				GCC_WARN_ABOUT_RETURN_TYPE = YES_ERROR;
				GCC_WARN_UNDECLARED_SELECTOR = YES;
				GCC_WARN_UNINITIALIZED_AUTOS = YES_AGGRESSIVE;
				GCC_WARN_UNUSED_FUNCTION = YES;
				GCC_WARN_UNUSED_VARIABLE = YES;
				IPHONEOS_DEPLOYMENT_TARGET = 11.2;
				MTL_ENABLE_DEBUG_INFO = NO;
				SDKROOT = iphoneos;
				SWIFT_OPTIMIZATION_LEVEL = "-Owholemodule";
				VALIDATE_PRODUCT = YES;
			};
			name = Release;
		};
		F4832C352060355E003FA12D /* Debug */ = {
			isa = XCBuildConfiguration;
			buildSettings = {
				ASSETCATALOG_COMPILER_APPICON_NAME = AppIcon;
				CODE_SIGN_STYLE = Automatic;
				DEVELOPMENT_TEAM = 7G8EV52YPP;
				INFOPLIST_FILE = FinnMobileTechChallenge/Info.plist;
				LD_RUNPATH_SEARCH_PATHS = "$(inherited) @executable_path/Frameworks";
				PRODUCT_BUNDLE_IDENTIFIER = com.palacios.FinnMobileTechChallenge;
				PRODUCT_NAME = "$(TARGET_NAME)";
				SWIFT_VERSION = 4.0;
				TARGETED_DEVICE_FAMILY = "1,2";
			};
			name = Debug;
		};
		F4832C362060355E003FA12D /* Release */ = {
			isa = XCBuildConfiguration;
			buildSettings = {
				ASSETCATALOG_COMPILER_APPICON_NAME = AppIcon;
				CODE_SIGN_STYLE = Automatic;
				DEVELOPMENT_TEAM = 7G8EV52YPP;
				INFOPLIST_FILE = FinnMobileTechChallenge/Info.plist;
				LD_RUNPATH_SEARCH_PATHS = "$(inherited) @executable_path/Frameworks";
				PRODUCT_BUNDLE_IDENTIFIER = com.palacios.FinnMobileTechChallenge;
				PRODUCT_NAME = "$(TARGET_NAME)";
				SWIFT_VERSION = 4.0;
				TARGETED_DEVICE_FAMILY = "1,2";
			};
			name = Release;
		};
		F4832C382060355E003FA12D /* Debug */ = {
			isa = XCBuildConfiguration;
			buildSettings = {
				ALWAYS_EMBED_SWIFT_STANDARD_LIBRARIES = YES;
				BUNDLE_LOADER = "$(TEST_HOST)";
				CODE_SIGN_STYLE = Automatic;
				DEVELOPMENT_TEAM = 7G8EV52YPP;
				INFOPLIST_FILE = FinnMobileTechChallengeTests/Info.plist;
				LD_RUNPATH_SEARCH_PATHS = "$(inherited) @executable_path/Frameworks @loader_path/Frameworks";
				PRODUCT_BUNDLE_IDENTIFIER = com.palacios.FinnMobileTechChallengeTests;
				PRODUCT_NAME = "$(TARGET_NAME)";
				SWIFT_VERSION = 4.0;
				TARGETED_DEVICE_FAMILY = "1,2";
				TEST_HOST = "$(BUILT_PRODUCTS_DIR)/FinnMobileTechChallenge.app/FinnMobileTechChallenge";
			};
			name = Debug;
		};
		F4832C392060355E003FA12D /* Release */ = {
			isa = XCBuildConfiguration;
			buildSettings = {
				ALWAYS_EMBED_SWIFT_STANDARD_LIBRARIES = YES;
				BUNDLE_LOADER = "$(TEST_HOST)";
				CODE_SIGN_STYLE = Automatic;
				DEVELOPMENT_TEAM = 7G8EV52YPP;
				INFOPLIST_FILE = FinnMobileTechChallengeTests/Info.plist;
				LD_RUNPATH_SEARCH_PATHS = "$(inherited) @executable_path/Frameworks @loader_path/Frameworks";
				PRODUCT_BUNDLE_IDENTIFIER = com.palacios.FinnMobileTechChallengeTests;
				PRODUCT_NAME = "$(TARGET_NAME)";
				SWIFT_VERSION = 4.0;
				TARGETED_DEVICE_FAMILY = "1,2";
				TEST_HOST = "$(BUILT_PRODUCTS_DIR)/FinnMobileTechChallenge.app/FinnMobileTechChallenge";
			};
			name = Release;
		};
		F4832C3B2060355E003FA12D /* Debug */ = {
			isa = XCBuildConfiguration;
			buildSettings = {
				ALWAYS_EMBED_SWIFT_STANDARD_LIBRARIES = YES;
				CODE_SIGN_STYLE = Automatic;
				DEVELOPMENT_TEAM = 7G8EV52YPP;
				INFOPLIST_FILE = FinnMobileTechChallengeUITests/Info.plist;
				LD_RUNPATH_SEARCH_PATHS = "$(inherited) @executable_path/Frameworks @loader_path/Frameworks";
				PRODUCT_BUNDLE_IDENTIFIER = com.palacios.FinnMobileTechChallengeUITests;
				PRODUCT_NAME = "$(TARGET_NAME)";
				SWIFT_VERSION = 4.0;
				TARGETED_DEVICE_FAMILY = "1,2";
				TEST_TARGET_NAME = FinnMobileTechChallenge;
			};
			name = Debug;
		};
		F4832C3C2060355E003FA12D /* Release */ = {
			isa = XCBuildConfiguration;
			buildSettings = {
				ALWAYS_EMBED_SWIFT_STANDARD_LIBRARIES = YES;
				CODE_SIGN_STYLE = Automatic;
				DEVELOPMENT_TEAM = 7G8EV52YPP;
				INFOPLIST_FILE = FinnMobileTechChallengeUITests/Info.plist;
				LD_RUNPATH_SEARCH_PATHS = "$(inherited) @executable_path/Frameworks @loader_path/Frameworks";
				PRODUCT_BUNDLE_IDENTIFIER = com.palacios.FinnMobileTechChallengeUITests;
				PRODUCT_NAME = "$(TARGET_NAME)";
				SWIFT_VERSION = 4.0;
				TARGETED_DEVICE_FAMILY = "1,2";
				TEST_TARGET_NAME = FinnMobileTechChallenge;
			};
			name = Release;
		};
/* End XCBuildConfiguration section */

/* Begin XCConfigurationList section */
		F4832C052060355E003FA12D /* Build configuration list for PBXProject "FinnMobileTechChallenge" */ = {
			isa = XCConfigurationList;
			buildConfigurations = (
				F4832C322060355E003FA12D /* Debug */,
				F4832C332060355E003FA12D /* Release */,
			);
			defaultConfigurationIsVisible = 0;
			defaultConfigurationName = Release;
		};
		F4832C342060355E003FA12D /* Build configuration list for PBXNativeTarget "FinnMobileTechChallenge" */ = {
			isa = XCConfigurationList;
			buildConfigurations = (
				F4832C352060355E003FA12D /* Debug */,
				F4832C362060355E003FA12D /* Release */,
			);
			defaultConfigurationIsVisible = 0;
			defaultConfigurationName = Release;
		};
		F4832C372060355E003FA12D /* Build configuration list for PBXNativeTarget "FinnMobileTechChallengeTests" */ = {
			isa = XCConfigurationList;
			buildConfigurations = (
				F4832C382060355E003FA12D /* Debug */,
				F4832C392060355E003FA12D /* Release */,
			);
			defaultConfigurationIsVisible = 0;
			defaultConfigurationName = Release;
		};
		F4832C3A2060355E003FA12D /* Build configuration list for PBXNativeTarget "FinnMobileTechChallengeUITests" */ = {
			isa = XCConfigurationList;
			buildConfigurations = (
				F4832C3B2060355E003FA12D /* Debug */,
				F4832C3C2060355E003FA12D /* Release */,
			);
			defaultConfigurationIsVisible = 0;
			defaultConfigurationName = Release;
		};
/* End XCConfigurationList section */
	};
	rootObject = F4832C022060355E003FA12D /* Project object */;
}
